
Microsoft Visual Studio Solution File, Format Version 12.00
# Visual Studio 2015
Project("{FAE04EC0-301F-11D3-BF4B-00C04F79EFBC}") = "TournamentMapPick", "TournamentMapPick.csproj", "{A8A3FA21-12C7-195B-891E-B0AE29502280}"
EndProject
Project("{FAE04EC0-301F-11D3-BF4B-00C04F79EFBC}") = "TournamentMapPick.Editor", "TournamentMapPick.Editor.csproj", "{866AB164-1433-B8AE-C0DF-36ACE0B537F6}"
EndProject
Global
	GlobalSection(SolutionConfigurationPlatforms) = preSolution
		Debug|Any CPU = Debug|Any CPU
		Release|Any CPU = Release|Any CPU
	EndGlobalSection
	GlobalSection(ProjectConfigurationPlatforms) = postSolution
		{A8A3FA21-12C7-195B-891E-B0AE29502280}.Debug|Any CPU.ActiveCfg = Debug|Any CPU
		{A8A3FA21-12C7-195B-891E-B0AE29502280}.Debug|Any CPU.Build.0 = Debug|Any CPU
		{A8A3FA21-12C7-195B-891E-B0AE29502280}.Release|Any CPU.ActiveCfg = Release|Any CPU
		{A8A3FA21-12C7-195B-891E-B0AE29502280}.Release|Any CPU.Build.0 = Release|Any CPU
		{866AB164-1433-B8AE-C0DF-36ACE0B537F6}.Debug|Any CPU.ActiveCfg = Debug|Any CPU
		{866AB164-1433-B8AE-C0DF-36ACE0B537F6}.Debug|Any CPU.Build.0 = Debug|Any CPU
		{866AB164-1433-B8AE-C0DF-36ACE0B537F6}.Release|Any CPU.ActiveCfg = Release|Any CPU
		{866AB164-1433-B8AE-C0DF-36ACE0B537F6}.Release|Any CPU.Build.0 = Release|Any CPU
	EndGlobalSection
	GlobalSection(SolutionProperties) = preSolution
		HideSolutionNode = FALSE
	EndGlobalSection
EndGlobal
