
Microsoft Visual Studio Solution File, Format Version 12.00
# Visual Studio 2015
Project("{FAE04EC0-301F-11D3-BF4B-00C04F79EFBC}") = "GAT251_Project3_TheOffice", "GAT251_Project3_TheOffice.csproj", "{2DA98D64-EBB4-743E-3415-48D7B705C8E1}"
EndProject
Project("{FAE04EC0-301F-11D3-BF4B-00C04F79EFBC}") = "GAT251_Project3_TheOffice.Editor", "GAT251_Project3_TheOffice.Editor.csproj", "{13F24609-B306-A2F9-4E47-0DB395D45423}"
EndProject
Global
	GlobalSection(SolutionConfigurationPlatforms) = preSolution
		Debug|Any CPU = Debug|Any CPU
		Release|Any CPU = Release|Any CPU
	EndGlobalSection
	GlobalSection(ProjectConfigurationPlatforms) = postSolution
		{2DA98D64-EBB4-743E-3415-48D7B705C8E1}.Debug|Any CPU.ActiveCfg = Debug|Any CPU
		{2DA98D64-EBB4-743E-3415-48D7B705C8E1}.Debug|Any CPU.Build.0 = Debug|Any CPU
		{2DA98D64-EBB4-743E-3415-48D7B705C8E1}.Release|Any CPU.ActiveCfg = Release|Any CPU
		{2DA98D64-EBB4-743E-3415-48D7B705C8E1}.Release|Any CPU.Build.0 = Release|Any CPU
		{13F24609-B306-A2F9-4E47-0DB395D45423}.Debug|Any CPU.ActiveCfg = Debug|Any CPU
		{13F24609-B306-A2F9-4E47-0DB395D45423}.Debug|Any CPU.Build.0 = Debug|Any CPU
		{13F24609-B306-A2F9-4E47-0DB395D45423}.Release|Any CPU.ActiveCfg = Release|Any CPU
		{13F24609-B306-A2F9-4E47-0DB395D45423}.Release|Any CPU.Build.0 = Release|Any CPU
	EndGlobalSection
	GlobalSection(SolutionProperties) = preSolution
		HideSolutionNode = FALSE
	EndGlobalSection
EndGlobal
