
Microsoft Visual Studio Solution File, Format Version 12.00
# Visual Studio 2015
Project("{FAE04EC0-301F-11D3-BF4B-00C04F79EFBC}") = "251 Proj 1 - Island.CSharp", "251 Proj 1 - Island.CSharp.csproj", "{2DB5032A-D7A9-2D1A-2940-A01D93BB8CEA}"
EndProject
Project("{FAE04EC0-301F-11D3-BF4B-00C04F79EFBC}") = "251 Proj 1 - Island.CSharp.Editor", "251 Proj 1 - Island.CSharp.Editor.csproj", "{F5161A17-1B93-BB0D-3EF1-96D9CA326597}"
EndProject
Global
	GlobalSection(SolutionConfigurationPlatforms) = preSolution
		Debug|Any CPU = Debug|Any CPU
		Release|Any CPU = Release|Any CPU
	EndGlobalSection
	GlobalSection(ProjectConfigurationPlatforms) = postSolution
		{2DB5032A-D7A9-2D1A-2940-A01D93BB8CEA}.Debug|Any CPU.ActiveCfg = Debug|Any CPU
		{2DB5032A-D7A9-2D1A-2940-A01D93BB8CEA}.Debug|Any CPU.Build.0 = Debug|Any CPU
		{2DB5032A-D7A9-2D1A-2940-A01D93BB8CEA}.Release|Any CPU.ActiveCfg = Release|Any CPU
		{2DB5032A-D7A9-2D1A-2940-A01D93BB8CEA}.Release|Any CPU.Build.0 = Release|Any CPU
		{F5161A17-1B93-BB0D-3EF1-96D9CA326597}.Debug|Any CPU.ActiveCfg = Debug|Any CPU
		{F5161A17-1B93-BB0D-3EF1-96D9CA326597}.Debug|Any CPU.Build.0 = Debug|Any CPU
		{F5161A17-1B93-BB0D-3EF1-96D9CA326597}.Release|Any CPU.ActiveCfg = Release|Any CPU
		{F5161A17-1B93-BB0D-3EF1-96D9CA326597}.Release|Any CPU.Build.0 = Release|Any CPU
	EndGlobalSection
	GlobalSection(SolutionProperties) = preSolution
		HideSolutionNode = FALSE
	EndGlobalSection
EndGlobal
