
Microsoft Visual Studio Solution File, Format Version 12.00
# Visual Studio 2015
Project("{FAE04EC0-301F-11D3-BF4B-00C04F79EFBC}") = "ART310_FinalProject", "ART310_FinalProject.csproj", "{6A6A2021-C13D-F6D6-4E69-A0D27429F52E}"
EndProject
Project("{FAE04EC0-301F-11D3-BF4B-00C04F79EFBC}") = "ART310_FinalProject.Editor", "ART310_FinalProject.Editor.csproj", "{C345642F-E65E-4D07-CA02-152B0DA7051D}"
EndProject
Global
	GlobalSection(SolutionConfigurationPlatforms) = preSolution
		Debug|Any CPU = Debug|Any CPU
		Release|Any CPU = Release|Any CPU
	EndGlobalSection
	GlobalSection(ProjectConfigurationPlatforms) = postSolution
		{6A6A2021-C13D-F6D6-4E69-A0D27429F52E}.Debug|Any CPU.ActiveCfg = Debug|Any CPU
		{6A6A2021-C13D-F6D6-4E69-A0D27429F52E}.Debug|Any CPU.Build.0 = Debug|Any CPU
		{6A6A2021-C13D-F6D6-4E69-A0D27429F52E}.Release|Any CPU.ActiveCfg = Release|Any CPU
		{6A6A2021-C13D-F6D6-4E69-A0D27429F52E}.Release|Any CPU.Build.0 = Release|Any CPU
		{C345642F-E65E-4D07-CA02-152B0DA7051D}.Debug|Any CPU.ActiveCfg = Debug|Any CPU
		{C345642F-E65E-4D07-CA02-152B0DA7051D}.Debug|Any CPU.Build.0 = Debug|Any CPU
		{C345642F-E65E-4D07-CA02-152B0DA7051D}.Release|Any CPU.ActiveCfg = Release|Any CPU
		{C345642F-E65E-4D07-CA02-152B0DA7051D}.Release|Any CPU.Build.0 = Release|Any CPU
	EndGlobalSection
	GlobalSection(SolutionProperties) = preSolution
		HideSolutionNode = FALSE
	EndGlobalSection
EndGlobal
