
Microsoft Visual Studio Solution File, Format Version 12.00
# Visual Studio 2015
Project("{FAE04EC0-301F-11D3-BF4B-00C04F79EFBC}") = "GAT 316", "GAT 316.csproj", "{FF643924-6AF0-B77A-742D-5EE32EC2E5C5}"
EndProject
Project("{FAE04EC0-301F-11D3-BF4B-00C04F79EFBC}") = "GAT 316.Editor", "GAT 316.Editor.csproj", "{CA6D3241-AF69-CA85-A392-A7637A51A9F1}"
EndProject
Global
	GlobalSection(SolutionConfigurationPlatforms) = preSolution
		Debug|Any CPU = Debug|Any CPU
		Release|Any CPU = Release|Any CPU
	EndGlobalSection
	GlobalSection(ProjectConfigurationPlatforms) = postSolution
		{FF643924-6AF0-B77A-742D-5EE32EC2E5C5}.Debug|Any CPU.ActiveCfg = Debug|Any CPU
		{FF643924-6AF0-B77A-742D-5EE32EC2E5C5}.Debug|Any CPU.Build.0 = Debug|Any CPU
		{FF643924-6AF0-B77A-742D-5EE32EC2E5C5}.Release|Any CPU.ActiveCfg = Release|Any CPU
		{FF643924-6AF0-B77A-742D-5EE32EC2E5C5}.Release|Any CPU.Build.0 = Release|Any CPU
		{CA6D3241-AF69-CA85-A392-A7637A51A9F1}.Debug|Any CPU.ActiveCfg = Debug|Any CPU
		{CA6D3241-AF69-CA85-A392-A7637A51A9F1}.Debug|Any CPU.Build.0 = Debug|Any CPU
		{CA6D3241-AF69-CA85-A392-A7637A51A9F1}.Release|Any CPU.ActiveCfg = Release|Any CPU
		{CA6D3241-AF69-CA85-A392-A7637A51A9F1}.Release|Any CPU.Build.0 = Release|Any CPU
	EndGlobalSection
	GlobalSection(SolutionProperties) = preSolution
		HideSolutionNode = FALSE
	EndGlobalSection
EndGlobal
