
Microsoft Visual Studio Solution File, Format Version 12.00
# Visual Studio 2015
Project("{FAE04EC0-301F-11D3-BF4B-00C04F79EFBC}") = "GAT 315 Proj 2.CSharp", "GAT 315 Proj 2.CSharp.csproj", "{190AC816-28B5-FD1D-F56E-DC8640E456DC}"
EndProject
Project("{FAE04EC0-301F-11D3-BF4B-00C04F79EFBC}") = "GAT 315 Proj 2.CSharp.Editor", "GAT 315 Proj 2.CSharp.Editor.csproj", "{A32164F7-32E6-148E-4BB2-47FFC4E5BEFD}"
EndProject
Global
	GlobalSection(SolutionConfigurationPlatforms) = preSolution
		Debug|Any CPU = Debug|Any CPU
		Release|Any CPU = Release|Any CPU
	EndGlobalSection
	GlobalSection(ProjectConfigurationPlatforms) = postSolution
		{190AC816-28B5-FD1D-F56E-DC8640E456DC}.Debug|Any CPU.ActiveCfg = Debug|Any CPU
		{190AC816-28B5-FD1D-F56E-DC8640E456DC}.Debug|Any CPU.Build.0 = Debug|Any CPU
		{190AC816-28B5-FD1D-F56E-DC8640E456DC}.Release|Any CPU.ActiveCfg = Release|Any CPU
		{190AC816-28B5-FD1D-F56E-DC8640E456DC}.Release|Any CPU.Build.0 = Release|Any CPU
		{A32164F7-32E6-148E-4BB2-47FFC4E5BEFD}.Debug|Any CPU.ActiveCfg = Debug|Any CPU
		{A32164F7-32E6-148E-4BB2-47FFC4E5BEFD}.Debug|Any CPU.Build.0 = Debug|Any CPU
		{A32164F7-32E6-148E-4BB2-47FFC4E5BEFD}.Release|Any CPU.ActiveCfg = Release|Any CPU
		{A32164F7-32E6-148E-4BB2-47FFC4E5BEFD}.Release|Any CPU.Build.0 = Release|Any CPU
	EndGlobalSection
	GlobalSection(SolutionProperties) = preSolution
		HideSolutionNode = FALSE
	EndGlobalSection
EndGlobal
